
Microsoft Visual Studio Solution File, Format Version 12.00
# Visual Studio 2012
# SharpDevelop 5.1
VisualStudioVersion = 12.0.20827.3
MinimumVisualStudioVersion = 10.0.40219.1
Project("{FAE04EC0-301F-11D3-BF4B-00C04F79EFBC}") = "gestion", "gestion\gestion.csproj", "{F0DFA3F3-54F0-4A7E-8339-A1820D8D28C4}"
EndProject
Global
	GlobalSection(SolutionConfigurationPlatforms) = preSolution
		Debug|x86 = Debug|x86
		Release|x86 = Release|x86
	EndGlobalSection
	GlobalSection(ProjectConfigurationPlatforms) = postSolution
		{F0DFA3F3-54F0-4A7E-8339-A1820D8D28C4}.Debug|x86.ActiveCfg = Debug|x86
		{F0DFA3F3-54F0-4A7E-8339-A1820D8D28C4}.Debug|x86.Build.0 = Debug|x86
		{F0DFA3F3-54F0-4A7E-8339-A1820D8D28C4}.Release|x86.ActiveCfg = Release|x86
		{F0DFA3F3-54F0-4A7E-8339-A1820D8D28C4}.Release|x86.Build.0 = Release|x86
	EndGlobalSection
	GlobalSection(SolutionProperties) = preSolution
		HideSolutionNode = FALSE
	EndGlobalSection
EndGlobal
